
Microsoft Visual Studio Solution File, Format Version 12.00
# Visual Studio Version 17
VisualStudioVersion = 17.8.34309.116
MinimumVisualStudioVersion = 10.0.40219.1
Project("{FAE04EC0-301F-11D3-BF4B-00C04F79EFBC}") = "Prueba16Nov", "Prueba16Nov.csproj", "{503E271A-2655-4260-AAD2-79AD9B64A8D2}"
EndProject
Global
	GlobalSection(SolutionConfigurationPlatforms) = preSolution
		Debug|Any CPU = Debug|Any CPU
		Release|Any CPU = Release|Any CPU
	EndGlobalSection
	GlobalSection(ProjectConfigurationPlatforms) = postSolution
		{503E271A-2655-4260-AAD2-79AD9B64A8D2}.Debug|Any CPU.ActiveCfg = Debug|Any CPU
		{503E271A-2655-4260-AAD2-79AD9B64A8D2}.Debug|Any CPU.Build.0 = Debug|Any CPU
		{503E271A-2655-4260-AAD2-79AD9B64A8D2}.Release|Any CPU.ActiveCfg = Release|Any CPU
		{503E271A-2655-4260-AAD2-79AD9B64A8D2}.Release|Any CPU.Build.0 = Release|Any CPU
	EndGlobalSection
	GlobalSection(SolutionProperties) = preSolution
		HideSolutionNode = FALSE
	EndGlobalSection
	GlobalSection(ExtensibilityGlobals) = postSolution
		SolutionGuid = {214AC8D2-360A-4449-B1CF-FAEA6644C06A}
	EndGlobalSection
EndGlobal
